// !$*UTF8*$!
{
	archiveVersion = 1;
	classes = {
	};
	objectVersion = 54;
	objects = {

/* Begin PBXBuildFile section */
		1B2F3CB9251FFC4900BB4330 /* TaskRepository.swift in Sources */ = {isa = PBXBuildFile; fileRef = 1B2F3CB8251FFC4900BB4330 /* TaskRepository.swift */; };
		1B7FC513251FC6EA00EE97B1 /* GoogleService-Info.plist in Resources */ = {isa = PBXBuildFile; fileRef = 1B7FC512251FC6EA00EE97B1 /* GoogleService-Info.plist */; };
		1B988991250A463B00448813 /* UserDefaultValue.swift in Sources */ = {isa = PBXBuildFile; fileRef = 1B988990250A463B00448813 /* UserDefaultValue.swift */; };
		1BDFDB7D2501CE0D0088B0BE /* AppDelegate.swift in Sources */ = {isa = PBXBuildFile; fileRef = 1BDFDB7C2501CE0D0088B0BE /* AppDelegate.swift */; };
		1BDFDB7F2501CE0D0088B0BE /* SceneDelegate.swift in Sources */ = {isa = PBXBuildFile; fileRef = 1BDFDB7E2501CE0D0088B0BE /* SceneDelegate.swift */; };
		1BDFDB812501CE0D0088B0BE /* ListView.swift in Sources */ = {isa = PBXBuildFile; fileRef = 1BDFDB802501CE0D0088B0BE /* ListView.swift */; };
		1BDFDB832501CE160088B0BE /* Assets.xcassets in Resources */ = {isa = PBXBuildFile; fileRef = 1BDFDB822501CE160088B0BE /* Assets.xcassets */; };
		1BDFDB862501CE160088B0BE /* Preview Assets.xcassets in Resources */ = {isa = PBXBuildFile; fileRef = 1BDFDB852501CE160088B0BE /* Preview Assets.xcassets */; };
		1BDFDB892501CE160088B0BE /* LaunchScreen.storyboard in Resources */ = {isa = PBXBuildFile; fileRef = 1BDFDB872501CE160088B0BE /* LaunchScreen.storyboard */; };
		1BDFDBB52501CFB30088B0BE /* Tasks.swift in Sources */ = {isa = PBXBuildFile; fileRef = 1BDFDBB42501CFB30088B0BE /* Tasks.swift */; };
		1BDFDBB825026F280088B0BE /* Tasklist.swift in Sources */ = {isa = PBXBuildFile; fileRef = 1BDFDBB725026F280088B0BE /* Tasklist.swift */; };
		1BDFDBBC250270FA0088B0BE /* TaskItemViewModel.swift in Sources */ = {isa = PBXBuildFile; fileRef = 1BDFDBBB250270FA0088B0BE /* TaskItemViewModel.swift */; };
		1BF4B982250413ED00EB0809 /* DocumentView.swift in Sources */ = {isa = PBXBuildFile; fileRef = 1BF4B981250413ED00EB0809 /* DocumentView.swift */; };
		7D045F5B3F841680C7D7963A /* Pods_Reminders.framework in Frameworks */ = {isa = PBXBuildFile; fileRef = 69DFFB9CBC37CE5EB3BEB6D3 /* Pods_Reminders.framework */; };
/* End PBXBuildFile section */

/* Begin PBXContainerItemProxy section */
		1BDFDB902501CE170088B0BE /* PBXContainerItemProxy */ = {
			isa = PBXContainerItemProxy;
			containerPortal = 1BDFDB712501CE0D0088B0BE /* Project object */;
			proxyType = 1;
			remoteGlobalIDString = 1BDFDB782501CE0D0088B0BE;
			remoteInfo = Reminders;
		};
		1BDFDB9B2501CE170088B0BE /* PBXContainerItemProxy */ = {
			isa = PBXContainerItemProxy;
			containerPortal = 1BDFDB712501CE0D0088B0BE /* Project object */;
			proxyType = 1;
			remoteGlobalIDString = 1BDFDB782501CE0D0088B0BE;
			remoteInfo = Reminders;
		};
/* End PBXContainerItemProxy section */

/* Begin PBXFileReference section */
		1B2F3CB8251FFC4900BB4330 /* TaskRepository.swift */ = {isa = PBXFileReference; lastKnownFileType = sourcecode.swift; path = TaskRepository.swift; sourceTree = "<group>"; };
		1B7FC512251FC6EA00EE97B1 /* GoogleService-Info.plist */ = {isa = PBXFileReference; fileEncoding = 4; lastKnownFileType = text.plist.xml; path = "GoogleService-Info.plist"; sourceTree = "<group>"; };
		1B988990250A463B00448813 /* UserDefaultValue.swift */ = {isa = PBXFileReference; lastKnownFileType = sourcecode.swift; path = UserDefaultValue.swift; sourceTree = "<group>"; };
		1BDFDB792501CE0D0088B0BE /* Reminders.app */ = {isa = PBXFileReference; explicitFileType = wrapper.application; includeInIndex = 0; path = Reminders.app; sourceTree = BUILT_PRODUCTS_DIR; };
		1BDFDB7C2501CE0D0088B0BE /* AppDelegate.swift */ = {isa = PBXFileReference; lastKnownFileType = sourcecode.swift; path = AppDelegate.swift; sourceTree = "<group>"; };
		1BDFDB7E2501CE0D0088B0BE /* SceneDelegate.swift */ = {isa = PBXFileReference; lastKnownFileType = sourcecode.swift; path = SceneDelegate.swift; sourceTree = "<group>"; };
		1BDFDB802501CE0D0088B0BE /* ListView.swift */ = {isa = PBXFileReference; lastKnownFileType = sourcecode.swift; path = ListView.swift; sourceTree = "<group>"; };
		1BDFDB822501CE160088B0BE /* Assets.xcassets */ = {isa = PBXFileReference; lastKnownFileType = folder.assetcatalog; path = Assets.xcassets; sourceTree = "<group>"; };
		1BDFDB852501CE160088B0BE /* Preview Assets.xcassets */ = {isa = PBXFileReference; lastKnownFileType = folder.assetcatalog; path = "Preview Assets.xcassets"; sourceTree = "<group>"; };
		1BDFDB882501CE160088B0BE /* Base */ = {isa = PBXFileReference; lastKnownFileType = file.storyboard; name = Base; path = Base.lproj/LaunchScreen.storyboard; sourceTree = "<group>"; };
		1BDFDB8A2501CE160088B0BE /* Info.plist */ = {isa = PBXFileReference; lastKnownFileType = text.plist.xml; path = Info.plist; sourceTree = "<group>"; };
		1BDFDB8F2501CE170088B0BE /* RemindersTests.xctest */ = {isa = PBXFileReference; explicitFileType = wrapper.cfbundle; includeInIndex = 0; path = RemindersTests.xctest; sourceTree = BUILT_PRODUCTS_DIR; };
		1BDFDB9A2501CE170088B0BE /* RemindersUITests.xctest */ = {isa = PBXFileReference; explicitFileType = wrapper.cfbundle; includeInIndex = 0; path = RemindersUITests.xctest; sourceTree = BUILT_PRODUCTS_DIR; };
		1BDFDBB42501CFB30088B0BE /* Tasks.swift */ = {isa = PBXFileReference; lastKnownFileType = sourcecode.swift; path = Tasks.swift; sourceTree = "<group>"; };
		1BDFDBB725026F280088B0BE /* Tasklist.swift */ = {isa = PBXFileReference; lastKnownFileType = sourcecode.swift; path = Tasklist.swift; sourceTree = "<group>"; };
		1BDFDBBB250270FA0088B0BE /* TaskItemViewModel.swift */ = {isa = PBXFileReference; lastKnownFileType = sourcecode.swift; path = TaskItemViewModel.swift; sourceTree = "<group>"; };
		1BF4B981250413ED00EB0809 /* DocumentView.swift */ = {isa = PBXFileReference; lastKnownFileType = sourcecode.swift; name = DocumentView.swift; path = Reminders/DocumentView.swift; sourceTree = SOURCE_ROOT; };
		23652B0B1AA52EA8FE01C65E /* Pods-Reminders.debug.xcconfig */ = {isa = PBXFileReference; includeInIndex = 1; lastKnownFileType = text.xcconfig; name = "Pods-Reminders.debug.xcconfig"; path = "Target Support Files/Pods-Reminders/Pods-Reminders.debug.xcconfig"; sourceTree = "<group>"; };
		69DFFB9CBC37CE5EB3BEB6D3 /* Pods_Reminders.framework */ = {isa = PBXFileReference; explicitFileType = wrapper.framework; includeInIndex = 0; path = Pods_Reminders.framework; sourceTree = BUILT_PRODUCTS_DIR; };
		A99C49E1B4AE03279A111E1F /* Pods-Reminders.release.xcconfig */ = {isa = PBXFileReference; includeInIndex = 1; lastKnownFileType = text.xcconfig; name = "Pods-Reminders.release.xcconfig"; path = "Target Support Files/Pods-Reminders/Pods-Reminders.release.xcconfig"; sourceTree = "<group>"; };
/* End PBXFileReference section */

/* Begin PBXFrameworksBuildPhase section */
		1BDFDB762501CE0D0088B0BE /* Frameworks */ = {
			isa = PBXFrameworksBuildPhase;
			buildActionMask = 2147483647;
			files = (
				7D045F5B3F841680C7D7963A /* Pods_Reminders.framework in Frameworks */,
			);
			runOnlyForDeploymentPostprocessing = 0;
		};
		1BDFDB8C2501CE170088B0BE /* Frameworks */ = {
			isa = PBXFrameworksBuildPhase;
			buildActionMask = 2147483647;
			files = (
			);
			runOnlyForDeploymentPostprocessing = 0;
		};
		1BDFDB972501CE170088B0BE /* Frameworks */ = {
			isa = PBXFrameworksBuildPhase;
			buildActionMask = 2147483647;
			files = (
			);
			runOnlyForDeploymentPostprocessing = 0;
		};
/* End PBXFrameworksBuildPhase section */

/* Begin PBXGroup section */
		14E3C761E554AF8AAB70E5B6 /* Pods */ = {
			isa = PBXGroup;
			children = (
				23652B0B1AA52EA8FE01C65E /* Pods-Reminders.debug.xcconfig */,
				A99C49E1B4AE03279A111E1F /* Pods-Reminders.release.xcconfig */,
			);
			path = Pods;
			sourceTree = "<group>";
		};
		1B2F3CB4251FFC2C00BB4330 /* Repositories */ = {
			isa = PBXGroup;
			children = (
				1B2F3CB8251FFC4900BB4330 /* TaskRepository.swift */,
			);
			path = Repositories;
			sourceTree = "<group>";
		};
		1BDFDB702501CE0D0088B0BE = {
			isa = PBXGroup;
			children = (
				1BDFDB7B2501CE0D0088B0BE /* Reminders */,
				1BDFDB7A2501CE0D0088B0BE /* Products */,
				14E3C761E554AF8AAB70E5B6 /* Pods */,
				6E83095512BD9D436FA61B13 /* Frameworks */,
			);
			sourceTree = "<group>";
		};
		1BDFDB7A2501CE0D0088B0BE /* Products */ = {
			isa = PBXGroup;
			children = (
				1BDFDB792501CE0D0088B0BE /* Reminders.app */,
				1BDFDB8F2501CE170088B0BE /* RemindersTests.xctest */,
				1BDFDB9A2501CE170088B0BE /* RemindersUITests.xctest */,
			);
			name = Products;
			sourceTree = "<group>";
		};
		1BDFDB7B2501CE0D0088B0BE /* Reminders */ = {
			isa = PBXGroup;
			children = (
				1B2F3CB4251FFC2C00BB4330 /* Repositories */,
				1BDFDBB32501CF910088B0BE /* Model */,
				1BDFDBB12501CF7F0088B0BE /* Views */,
				1BDFDB822501CE160088B0BE /* Assets.xcassets */,
				1BDFDB872501CE160088B0BE /* LaunchScreen.storyboard */,
				1BDFDB8A2501CE160088B0BE /* Info.plist */,
				1B7FC512251FC6EA00EE97B1 /* GoogleService-Info.plist */,
				1BDFDBB625026F120088B0BE /* ViewModels */,
				1BDFDBB02501CF4D0088B0BE /* App */,
				1BDFDB842501CE160088B0BE /* Preview Content */,
			);
			path = Reminders;
			sourceTree = "<group>";
		};
		1BDFDB842501CE160088B0BE /* Preview Content */ = {
			isa = PBXGroup;
			children = (
				1BDFDB852501CE160088B0BE /* Preview Assets.xcassets */,
			);
			path = "Preview Content";
			sourceTree = "<group>";
		};
		1BDFDBB02501CF4D0088B0BE /* App */ = {
			isa = PBXGroup;
			children = (
				1BDFDB7C2501CE0D0088B0BE /* AppDelegate.swift */,
				1BDFDB7E2501CE0D0088B0BE /* SceneDelegate.swift */,
			);
			path = App;
			sourceTree = "<group>";
		};
		1BDFDBB12501CF7F0088B0BE /* Views */ = {
			isa = PBXGroup;
			children = (
				1BF4B981250413ED00EB0809 /* DocumentView.swift */,
				1BDFDB802501CE0D0088B0BE /* ListView.swift */,
			);
			path = Views;
			sourceTree = "<group>";
		};
		1BDFDBB32501CF910088B0BE /* Model */ = {
			isa = PBXGroup;
			children = (
				1BDFDBB42501CFB30088B0BE /* Tasks.swift */,
				1B988990250A463B00448813 /* UserDefaultValue.swift */,
			);
			path = Model;
			sourceTree = "<group>";
		};
		1BDFDBB625026F120088B0BE /* ViewModels */ = {
			isa = PBXGroup;
			children = (
				1BDFDBB725026F280088B0BE /* Tasklist.swift */,
				1BDFDBBB250270FA0088B0BE /* TaskItemViewModel.swift */,
			);
			path = ViewModels;
			sourceTree = "<group>";
		};
		6E83095512BD9D436FA61B13 /* Frameworks */ = {
			isa = PBXGroup;
			children = (
				69DFFB9CBC37CE5EB3BEB6D3 /* Pods_Reminders.framework */,
			);
			name = Frameworks;
			sourceTree = "<group>";
		};
/* End PBXGroup section */

/* Begin PBXNativeTarget section */
		1BDFDB782501CE0D0088B0BE /* Reminders */ = {
			isa = PBXNativeTarget;
			buildConfigurationList = 1BDFDBA32501CE170088B0BE /* Build configuration list for PBXNativeTarget "Reminders" */;
			buildPhases = (
				5698D42A9AAC62EA0C7E7180 /* [CP] Check Pods Manifest.lock */,
				1BDFDB752501CE0D0088B0BE /* Sources */,
				1BDFDB762501CE0D0088B0BE /* Frameworks */,
				1BDFDB772501CE0D0088B0BE /* Resources */,
				4AED8DF43E500616D66288FA /* [CP] Embed Pods Frameworks */,
			);
			buildRules = (
			);
			dependencies = (
			);
			name = Reminders;
			productName = Reminders;
			productReference = 1BDFDB792501CE0D0088B0BE /* Reminders.app */;
			productType = "com.apple.product-type.application";
		};
		1BDFDB8E2501CE170088B0BE /* RemindersTests */ = {
			isa = PBXNativeTarget;
			buildConfigurationList = 1BDFDBA62501CE170088B0BE /* Build configuration list for PBXNativeTarget "RemindersTests" */;
			buildPhases = (
				1BDFDB8B2501CE170088B0BE /* Sources */,
				1BDFDB8C2501CE170088B0BE /* Frameworks */,
				1BDFDB8D2501CE170088B0BE /* Resources */,
			);
			buildRules = (
			);
			dependencies = (
				1BDFDB912501CE170088B0BE /* PBXTargetDependency */,
			);
			name = RemindersTests;
			productName = RemindersTests;
			productReference = 1BDFDB8F2501CE170088B0BE /* RemindersTests.xctest */;
			productType = "com.apple.product-type.bundle.unit-test";
		};
		1BDFDB992501CE170088B0BE /* RemindersUITests */ = {
			isa = PBXNativeTarget;
			buildConfigurationList = 1BDFDBA92501CE170088B0BE /* Build configuration list for PBXNativeTarget "RemindersUITests" */;
			buildPhases = (
				1BDFDB962501CE170088B0BE /* Sources */,
				1BDFDB972501CE170088B0BE /* Frameworks */,
				1BDFDB982501CE170088B0BE /* Resources */,
			);
			buildRules = (
			);
			dependencies = (
				1BDFDB9C2501CE170088B0BE /* PBXTargetDependency */,
			);
			name = RemindersUITests;
			productName = RemindersUITests;
			productReference = 1BDFDB9A2501CE170088B0BE /* RemindersUITests.xctest */;
			productType = "com.apple.product-type.bundle.ui-testing";
		};
/* End PBXNativeTarget section */

/* Begin PBXProject section */
		1BDFDB712501CE0D0088B0BE /* Project object */ = {
			isa = PBXProject;
			attributes = {
				LastSwiftUpdateCheck = 1170;
				LastUpgradeCheck = 1200;
				ORGANIZATIONNAME = "McKiba Williams";
				TargetAttributes = {
					1BDFDB782501CE0D0088B0BE = {
						CreatedOnToolsVersion = 11.7;
					};
					1BDFDB8E2501CE170088B0BE = {
						CreatedOnToolsVersion = 11.7;
						TestTargetID = 1BDFDB782501CE0D0088B0BE;
					};
					1BDFDB992501CE170088B0BE = {
						CreatedOnToolsVersion = 11.7;
						TestTargetID = 1BDFDB782501CE0D0088B0BE;
					};
				};
			};
			buildConfigurationList = 1BDFDB742501CE0D0088B0BE /* Build configuration list for PBXProject "Reminders" */;
			compatibilityVersion = "Xcode 12.0";
			developmentRegion = en;
			hasScannedForEncodings = 0;
			knownRegions = (
				en,
				Base,
			);
			mainGroup = 1BDFDB702501CE0D0088B0BE;
			productRefGroup = 1BDFDB7A2501CE0D0088B0BE /* Products */;
			projectDirPath = "";
			projectRoot = "";
			targets = (
				1BDFDB782501CE0D0088B0BE /* Reminders */,
				1BDFDB8E2501CE170088B0BE /* RemindersTests */,
				1BDFDB992501CE170088B0BE /* RemindersUITests */,
			);
		};
/* End PBXProject section */

/* Begin PBXResourcesBuildPhase section */
		1BDFDB772501CE0D0088B0BE /* Resources */ = {
			isa = PBXResourcesBuildPhase;
			buildActionMask = 2147483647;
			files = (
				1BDFDB892501CE160088B0BE /* LaunchScreen.storyboard in Resources */,
				1B7FC513251FC6EA00EE97B1 /* GoogleService-Info.plist in Resources */,
				1BDFDB862501CE160088B0BE /* Preview Assets.xcassets in Resources */,
				1BDFDB832501CE160088B0BE /* Assets.xcassets in Resources */,
			);
			runOnlyForDeploymentPostprocessing = 0;
		};
		1BDFDB8D2501CE170088B0BE /* Resources */ = {
			isa = PBXResourcesBuildPhase;
			buildActionMask = 2147483647;
			files = (
			);
			runOnlyForDeploymentPostprocessing = 0;
		};
		1BDFDB982501CE170088B0BE /* Resources */ = {
			isa = PBXResourcesBuildPhase;
			buildActionMask = 2147483647;
			files = (
			);
			runOnlyForDeploymentPostprocessing = 0;
		};
/* End PBXResourcesBuildPhase section */

/* Begin PBXShellScriptBuildPhase section */
		4AED8DF43E500616D66288FA /* [CP] Embed Pods Frameworks */ = {
			isa = PBXShellScriptBuildPhase;
			buildActionMask = 2147483647;
			files = (
			);
			inputFileListPaths = (
				"${PODS_ROOT}/Target Support Files/Pods-Reminders/Pods-Reminders-frameworks-${CONFIGURATION}-input-files.xcfilelist",
			);
			name = "[CP] Embed Pods Frameworks";
			outputFileListPaths = (
				"${PODS_ROOT}/Target Support Files/Pods-Reminders/Pods-Reminders-frameworks-${CONFIGURATION}-output-files.xcfilelist",
			);
			runOnlyForDeploymentPostprocessing = 0;
			shellPath = /bin/sh;
			shellScript = "\"${PODS_ROOT}/Target Support Files/Pods-Reminders/Pods-Reminders-frameworks.sh\"\n";
			showEnvVarsInLog = 0;
		};
		5698D42A9AAC62EA0C7E7180 /* [CP] Check Pods Manifest.lock */ = {
			isa = PBXShellScriptBuildPhase;
			buildActionMask = 2147483647;
			files = (
			);
			inputFileListPaths = (
			);
			inputPaths = (
				"${PODS_PODFILE_DIR_PATH}/Podfile.lock",
				"${PODS_ROOT}/Manifest.lock",
			);
			name = "[CP] Check Pods Manifest.lock";
			outputFileListPaths = (
			);
			outputPaths = (
				"$(DERIVED_FILE_DIR)/Pods-Reminders-checkManifestLockResult.txt",
			);
			runOnlyForDeploymentPostprocessing = 0;
			shellPath = /bin/sh;
			shellScript = "diff \"${PODS_PODFILE_DIR_PATH}/Podfile.lock\" \"${PODS_ROOT}/Manifest.lock\" > /dev/null\nif [ $? != 0 ] ; then\n    # print error to STDERR\n    echo \"error: The sandbox is not in sync with the Podfile.lock. Run 'pod install' or update your CocoaPods installation.\" >&2\n    exit 1\nfi\n# This output is used by Xcode 'outputs' to avoid re-running this script phase.\necho \"SUCCESS\" > \"${SCRIPT_OUTPUT_FILE_0}\"\n";
			showEnvVarsInLog = 0;
		};
/* End PBXShellScriptBuildPhase section */

/* Begin PBXSourcesBuildPhase section */
		1BDFDB752501CE0D0088B0BE /* Sources */ = {
			isa = PBXSourcesBuildPhase;
			buildActionMask = 2147483647;
			files = (
				1BDFDBB52501CFB30088B0BE /* Tasks.swift in Sources */,
				1BDFDB7D2501CE0D0088B0BE /* AppDelegate.swift in Sources */,
				1B988991250A463B00448813 /* UserDefaultValue.swift in Sources */,
				1BDFDB7F2501CE0D0088B0BE /* SceneDelegate.swift in Sources */,
				1BDFDBBC250270FA0088B0BE /* TaskItemViewModel.swift in Sources */,
				1BDFDB812501CE0D0088B0BE /* ListView.swift in Sources */,
				1B2F3CB9251FFC4900BB4330 /* TaskRepository.swift in Sources */,
				1BDFDBB825026F280088B0BE /* Tasklist.swift in Sources */,
				1BF4B982250413ED00EB0809 /* DocumentView.swift in Sources */,
			);
			runOnlyForDeploymentPostprocessing = 0;
		};
		1BDFDB8B2501CE170088B0BE /* Sources */ = {
			isa = PBXSourcesBuildPhase;
			buildActionMask = 2147483647;
			files = (
			);
			runOnlyForDeploymentPostprocessing = 0;
		};
		1BDFDB962501CE170088B0BE /* Sources */ = {
			isa = PBXSourcesBuildPhase;
			buildActionMask = 2147483647;
			files = (
			);
			runOnlyForDeploymentPostprocessing = 0;
		};
/* End PBXSourcesBuildPhase section */

/* Begin PBXTargetDependency section */
		1BDFDB912501CE170088B0BE /* PBXTargetDependency */ = {
			isa = PBXTargetDependency;
			target = 1BDFDB782501CE0D0088B0BE /* Reminders */;
			targetProxy = 1BDFDB902501CE170088B0BE /* PBXContainerItemProxy */;
		};
		1BDFDB9C2501CE170088B0BE /* PBXTargetDependency */ = {
			isa = PBXTargetDependency;
			target = 1BDFDB782501CE0D0088B0BE /* Reminders */;
			targetProxy = 1BDFDB9B2501CE170088B0BE /* PBXContainerItemProxy */;
		};
/* End PBXTargetDependency section */

/* Begin PBXVariantGroup section */
		1BDFDB872501CE160088B0BE /* LaunchScreen.storyboard */ = {
			isa = PBXVariantGroup;
			children = (
				1BDFDB882501CE160088B0BE /* Base */,
			);
			name = LaunchScreen.storyboard;
			sourceTree = "<group>";
		};
/* End PBXVariantGroup section */

/* Begin XCBuildConfiguration section */
		1BDFDBA12501CE170088B0BE /* Debug */ = {
			isa = XCBuildConfiguration;
			buildSettings = {
				ALWAYS_SEARCH_USER_PATHS = NO;
				CLANG_ANALYZER_NONNULL = YES;
				CLANG_ANALYZER_NUMBER_OBJECT_CONVERSION = YES_AGGRESSIVE;
				CLANG_CXX_LANGUAGE_STANDARD = "gnu++14";
				CLANG_CXX_LIBRARY = "libc++";
				CLANG_ENABLE_MODULES = YES;
				CLANG_ENABLE_OBJC_ARC = YES;
				CLANG_ENABLE_OBJC_WEAK = YES;
				CLANG_WARN_BLOCK_CAPTURE_AUTORELEASING = YES;
				CLANG_WARN_BOOL_CONVERSION = YES;
				CLANG_WARN_COMMA = YES;
				CLANG_WARN_CONSTANT_CONVERSION = YES;
				CLANG_WARN_DEPRECATED_OBJC_IMPLEMENTATIONS = YES;
				CLANG_WARN_DIRECT_OBJC_ISA_USAGE = YES_ERROR;
				CLANG_WARN_DOCUMENTATION_COMMENTS = YES;
				CLANG_WARN_EMPTY_BODY = YES;
				CLANG_WARN_ENUM_CONVERSION = YES;
				CLANG_WARN_INFINITE_RECURSION = YES;
				CLANG_WARN_INT_CONVERSION = YES;
				CLANG_WARN_NON_LITERAL_NULL_CONVERSION = YES;
				CLANG_WARN_OBJC_IMPLICIT_RETAIN_SELF = YES;
				CLANG_WARN_OBJC_LITERAL_CONVERSION = YES;
				CLANG_WARN_OBJC_ROOT_CLASS = YES_ERROR;
				CLANG_WARN_QUOTED_INCLUDE_IN_FRAMEWORK_HEADER = YES;
				CLANG_WARN_RANGE_LOOP_ANALYSIS = YES;
				CLANG_WARN_STRICT_PROTOTYPES = YES;
				CLANG_WARN_SUSPICIOUS_MOVE = YES;
				CLANG_WARN_UNGUARDED_AVAILABILITY = YES_AGGRESSIVE;
				CLANG_WARN_UNREACHABLE_CODE = YES;
				CLANG_WARN__DUPLICATE_METHOD_MATCH = YES;
				COPY_PHASE_STRIP = NO;
				DEBUG_INFORMATION_FORMAT = dwarf;
				ENABLE_STRICT_OBJC_MSGSEND = YES;
				ENABLE_TESTABILITY = YES;
				GCC_C_LANGUAGE_STANDARD = gnu11;
				GCC_DYNAMIC_NO_PIC = NO;
				GCC_NO_COMMON_BLOCKS = YES;
				GCC_OPTIMIZATION_LEVEL = 0;
				GCC_PREPROCESSOR_DEFINITIONS = (
					"DEBUG=1",
					"$(inherited)",
				);
				GCC_WARN_64_TO_32_BIT_CONVERSION = YES;
				GCC_WARN_ABOUT_RETURN_TYPE = YES_ERROR;
				GCC_WARN_UNDECLARED_SELECTOR = YES;
				GCC_WARN_UNINITIALIZED_AUTOS = YES_AGGRESSIVE;
				GCC_WARN_UNUSED_FUNCTION = YES;
				GCC_WARN_UNUSED_VARIABLE = YES;
				IPHONEOS_DEPLOYMENT_TARGET = 14.0;
				MTL_ENABLE_DEBUG_INFO = INCLUDE_SOURCE;
				MTL_FAST_MATH = YES;
				ONLY_ACTIVE_ARCH = YES;
				SDKROOT = iphoneos;
				SWIFT_ACTIVE_COMPILATION_CONDITIONS = DEBUG;
				SWIFT_OPTIMIZATION_LEVEL = "-Onone";
			};
			name = Debug;
		};
		1BDFDBA22501CE170088B0BE /* Release */ = {
			isa = XCBuildConfiguration;
			buildSettings = {
				ALWAYS_SEARCH_USER_PATHS = NO;
				CLANG_ANALYZER_NONNULL = YES;
				CLANG_ANALYZER_NUMBER_OBJECT_CONVERSION = YES_AGGRESSIVE;
				CLANG_CXX_LANGUAGE_STANDARD = "gnu++14";
				CLANG_CXX_LIBRARY = "libc++";
				CLANG_ENABLE_MODULES = YES;
				CLANG_ENABLE_OBJC_ARC = YES;
				CLANG_ENABLE_OBJC_WEAK = YES;
				CLANG_WARN_BLOCK_CAPTURE_AUTORELEASING = YES;
				CLANG_WARN_BOOL_CONVERSION = YES;
				CLANG_WARN_COMMA = YES;
				CLANG_WARN_CONSTANT_CONVERSION = YES;
				CLANG_WARN_DEPRECATED_OBJC_IMPLEMENTATIONS = YES;
				CLANG_WARN_DIRECT_OBJC_ISA_USAGE = YES_ERROR;
				CLANG_WARN_DOCUMENTATION_COMMENTS = YES;
				CLANG_WARN_EMPTY_BODY = YES;
				CLANG_WARN_ENUM_CONVERSION = YES;
				CLANG_WARN_INFINITE_RECURSION = YES;
				CLANG_WARN_INT_CONVERSION = YES;
				CLANG_WARN_NON_LITERAL_NULL_CONVERSION = YES;
				CLANG_WARN_OBJC_IMPLICIT_RETAIN_SELF = YES;
				CLANG_WARN_OBJC_LITERAL_CONVERSION = YES;
				CLANG_WARN_OBJC_ROOT_CLASS = YES_ERROR;
				CLANG_WARN_QUOTED_INCLUDE_IN_FRAMEWORK_HEADER = YES;
				CLANG_WARN_RANGE_LOOP_ANALYSIS = YES;
				CLANG_WARN_STRICT_PROTOTYPES = YES;
				CLANG_WARN_SUSPICIOUS_MOVE = YES;
				CLANG_WARN_UNGUARDED_AVAILABILITY = YES_AGGRESSIVE;
				CLANG_WARN_UNREACHABLE_CODE = YES;
				CLANG_WARN__DUPLICATE_METHOD_MATCH = YES;
				COPY_PHASE_STRIP = NO;
				DEBUG_INFORMATION_FORMAT = "dwarf-with-dsym";
				ENABLE_NS_ASSERTIONS = NO;
				ENABLE_STRICT_OBJC_MSGSEND = YES;
				GCC_C_LANGUAGE_STANDARD = gnu11;
				GCC_NO_COMMON_BLOCKS = YES;
				GCC_WARN_64_TO_32_BIT_CONVERSION = YES;
				GCC_WARN_ABOUT_RETURN_TYPE = YES_ERROR;
				GCC_WARN_UNDECLARED_SELECTOR = YES;
				GCC_WARN_UNINITIALIZED_AUTOS = YES_AGGRESSIVE;
				GCC_WARN_UNUSED_FUNCTION = YES;
				GCC_WARN_UNUSED_VARIABLE = YES;
				IPHONEOS_DEPLOYMENT_TARGET = 14.0;
				MTL_ENABLE_DEBUG_INFO = NO;
				MTL_FAST_MATH = YES;
				SDKROOT = iphoneos;
				SWIFT_COMPILATION_MODE = wholemodule;
				SWIFT_OPTIMIZATION_LEVEL = "-O";
				VALIDATE_PRODUCT = YES;
			};
			name = Release;
		};
		1BDFDBA42501CE170088B0BE /* Debug */ = {
			isa = XCBuildConfiguration;
			baseConfigurationReference = 23652B0B1AA52EA8FE01C65E /* Pods-Reminders.debug.xcconfig */;
			buildSettings = {
				ASSETCATALOG_COMPILER_APPICON_NAME = AppIcon;
				CLANG_WARN_QUOTED_INCLUDE_IN_FRAMEWORK_HEADER = NO;
				CODE_SIGN_STYLE = Automatic;
				DEVELOPMENT_ASSET_PATHS = "\"Reminders/Preview Content\"";
				DEVELOPMENT_TEAM = 7RFQ8P9BJ6;
				ENABLE_PREVIEWS = YES;
				INFOPLIST_FILE = Reminders/Info.plist;
				LD_RUNPATH_SEARCH_PATHS = (
					"$(inherited)",
					"@executable_path/Frameworks",
				);
				PRODUCT_BUNDLE_IDENTIFIER = jm.utech.students.mckibaawilliams.Reminders;
				PRODUCT_NAME = "$(TARGET_NAME)";
				SWIFT_VERSION = 5.0;
				TARGETED_DEVICE_FAMILY = "1,2";
			};
			name = Debug;
		};
		1BDFDBA52501CE170088B0BE /* Release */ = {
			isa = XCBuildConfiguration;
			baseConfigurationReference = A99C49E1B4AE03279A111E1F /* Pods-Reminders.release.xcconfig */;
			buildSettings = {
				ASSETCATALOG_COMPILER_APPICON_NAME = AppIcon;
				CLANG_WARN_QUOTED_INCLUDE_IN_FRAMEWORK_HEADER = NO;
				CODE_SIGN_STYLE = Automatic;
				DEVELOPMENT_ASSET_PATHS = "\"Reminders/Preview Content\"";
				DEVELOPMENT_TEAM = 7RFQ8P9BJ6;
				ENABLE_PREVIEWS = YES;
				INFOPLIST_FILE = Reminders/Info.plist;
				LD_RUNPATH_SEARCH_PATHS = (
					"$(inherited)",
					"@executable_path/Frameworks",
				);
				PRODUCT_BUNDLE_IDENTIFIER = jm.utech.students.mckibaawilliams.Reminders;
				PRODUCT_NAME = "$(TARGET_NAME)";
				SWIFT_VERSION = 5.0;
				TARGETED_DEVICE_FAMILY = "1,2";
			};
			name = Release;
		};
		1BDFDBA72501CE170088B0BE /* Debug */ = {
			isa = XCBuildConfiguration;
			buildSettings = {
				ALWAYS_EMBED_SWIFT_STANDARD_LIBRARIES = YES;
				BUNDLE_LOADER = "$(TEST_HOST)";
				CODE_SIGN_STYLE = Automatic;
				DEVELOPMENT_TEAM = 7RFQ8P9BJ6;
				INFOPLIST_FILE = RemindersTests/Info.plist;
				IPHONEOS_DEPLOYMENT_TARGET = 13.7;
				LD_RUNPATH_SEARCH_PATHS = (
					"$(inherited)",
					"@executable_path/Frameworks",
					"@loader_path/Frameworks",
				);
				PRODUCT_BUNDLE_IDENTIFIER = jm.utech.students.mckibaawilliams.RemindersTests;
				PRODUCT_NAME = "$(TARGET_NAME)";
				SWIFT_VERSION = 5.0;
				TARGETED_DEVICE_FAMILY = "1,2";
				TEST_HOST = "$(BUILT_PRODUCTS_DIR)/Reminders.app/Reminders";
			};
			name = Debug;
		};
		1BDFDBA82501CE170088B0BE /* Release */ = {
			isa = XCBuildConfiguration;
			buildSettings = {
				ALWAYS_EMBED_SWIFT_STANDARD_LIBRARIES = YES;
				BUNDLE_LOADER = "$(TEST_HOST)";
				CODE_SIGN_STYLE = Automatic;
				DEVELOPMENT_TEAM = 7RFQ8P9BJ6;
				INFOPLIST_FILE = RemindersTests/Info.plist;
				IPHONEOS_DEPLOYMENT_TARGET = 13.7;
				LD_RUNPATH_SEARCH_PATHS = (
					"$(inherited)",
					"@executable_path/Frameworks",
					"@loader_path/Frameworks",
				);
				PRODUCT_BUNDLE_IDENTIFIER = jm.utech.students.mckibaawilliams.RemindersTests;
				PRODUCT_NAME = "$(TARGET_NAME)";
				SWIFT_VERSION = 5.0;
				TARGETED_DEVICE_FAMILY = "1,2";
				TEST_HOST = "$(BUILT_PRODUCTS_DIR)/Reminders.app/Reminders";
			};
			name = Release;
		};
		1BDFDBAA2501CE170088B0BE /* Debug */ = {
			isa = XCBuildConfiguration;
			buildSettings = {
				ALWAYS_EMBED_SWIFT_STANDARD_LIBRARIES = YES;
				CODE_SIGN_STYLE = Automatic;
				DEVELOPMENT_TEAM = 7RFQ8P9BJ6;
				INFOPLIST_FILE = RemindersUITests/Info.plist;
				LD_RUNPATH_SEARCH_PATHS = (
					"$(inherited)",
					"@executable_path/Frameworks",
					"@loader_path/Frameworks",
				);
				PRODUCT_BUNDLE_IDENTIFIER = jm.utech.students.mckibaawilliams.RemindersUITests;
				PRODUCT_NAME = "$(TARGET_NAME)";
				SWIFT_VERSION = 5.0;
				TARGETED_DEVICE_FAMILY = "1,2";
				TEST_TARGET_NAME = Reminders;
			};
			name = Debug;
		};
		1BDFDBAB2501CE170088B0BE /* Release */ = {
			isa = XCBuildConfiguration;
			buildSettings = {
				ALWAYS_EMBED_SWIFT_STANDARD_LIBRARIES = YES;
				CODE_SIGN_STYLE = Automatic;
				DEVELOPMENT_TEAM = 7RFQ8P9BJ6;
				INFOPLIST_FILE = RemindersUITests/Info.plist;
				LD_RUNPATH_SEARCH_PATHS = (
					"$(inherited)",
					"@executable_path/Frameworks",
					"@loader_path/Frameworks",
				);
				PRODUCT_BUNDLE_IDENTIFIER = jm.utech.students.mckibaawilliams.RemindersUITests;
				PRODUCT_NAME = "$(TARGET_NAME)";
				SWIFT_VERSION = 5.0;
				TARGETED_DEVICE_FAMILY = "1,2";
				TEST_TARGET_NAME = Reminders;
			};
			name = Release;
		};
/* End XCBuildConfiguration section */

/* Begin XCConfigurationList section */
		1BDFDB742501CE0D0088B0BE /* Build configuration list for PBXProject "Reminders" */ = {
			isa = XCConfigurationList;
			buildConfigurations = (
				1BDFDBA12501CE170088B0BE /* Debug */,
				1BDFDBA22501CE170088B0BE /* Release */,
			);
			defaultConfigurationIsVisible = 0;
			defaultConfigurationName = Release;
		};
		1BDFDBA32501CE170088B0BE /* Build configuration list for PBXNativeTarget "Reminders" */ = {
			isa = XCConfigurationList;
			buildConfigurations = (
				1BDFDBA42501CE170088B0BE /* Debug */,
				1BDFDBA52501CE170088B0BE /* Release */,
			);
			defaultConfigurationIsVisible = 0;
			defaultConfigurationName = Release;
		};
		1BDFDBA62501CE170088B0BE /* Build configuration list for PBXNativeTarget "RemindersTests" */ = {
			isa = XCConfigurationList;
			buildConfigurations = (
				1BDFDBA72501CE170088B0BE /* Debug */,
				1BDFDBA82501CE170088B0BE /* Release */,
			);
			defaultConfigurationIsVisible = 0;
			defaultConfigurationName = Release;
		};
		1BDFDBA92501CE170088B0BE /* Build configuration list for PBXNativeTarget "RemindersUITests" */ = {
			isa = XCConfigurationList;
			buildConfigurations = (
				1BDFDBAA2501CE170088B0BE /* Debug */,
				1BDFDBAB2501CE170088B0BE /* Release */,
			);
			defaultConfigurationIsVisible = 0;
			defaultConfigurationName = Release;
		};
/* End XCConfigurationList section */
	};
	rootObject = 1BDFDB712501CE0D0088B0BE /* Project object */;
}
